
Microsoft Visual Studio Solution File, Format Version 12.00
# Visual Studio Version 16
VisualStudioVersion = 16.0.28917.182
MinimumVisualStudioVersion = 10.0.40219.1
Project("{FAE04EC0-301F-11D3-BF4B-00C04F79EFBC}") = "SolutionBook.2019", "SolutionBook.2019\SolutionBook.2019.csproj", "{7050C591-2B7C-4C46-9902-E20FD0531599}"
EndProject
Project("{D954291E-2A0B-460D-934E-DC6B0785DB48}") = "SolutionBook", "SolutionBook\SolutionBook.shproj", "{D80E486E-6B7C-4652-86D7-62772AFAB884}"
EndProject
Global
	GlobalSection(SharedMSBuildProjectFiles) = preSolution
		SolutionBook\SolutionBook.projitems*{7050c591-2b7c-4c46-9902-e20fd0531599}*SharedItemsImports = 4
		SolutionBook\SolutionBook.projitems*{d80e486e-6b7c-4652-86d7-62772afab884}*SharedItemsImports = 13
	EndGlobalSection
	GlobalSection(SolutionConfigurationPlatforms) = preSolution
		Debug|Any CPU = Debug|Any CPU
		Release|Any CPU = Release|Any CPU
	EndGlobalSection
	GlobalSection(ProjectConfigurationPlatforms) = postSolution
		{7050C591-2B7C-4C46-9902-E20FD0531599}.Debug|Any CPU.ActiveCfg = Debug|Any CPU
		{7050C591-2B7C-4C46-9902-E20FD0531599}.Debug|Any CPU.Build.0 = Debug|Any CPU
		{7050C591-2B7C-4C46-9902-E20FD0531599}.Release|Any CPU.ActiveCfg = Release|Any CPU
		{7050C591-2B7C-4C46-9902-E20FD0531599}.Release|Any CPU.Build.0 = Release|Any CPU
	EndGlobalSection
	GlobalSection(SolutionProperties) = preSolution
		HideSolutionNode = FALSE
	EndGlobalSection
	GlobalSection(ExtensibilityGlobals) = postSolution
		SolutionGuid = {0ECD73A3-97C1-40B8-A9F6-EDCDBE8B051D}
	EndGlobalSection
EndGlobal
